
Microsoft Visual Studio Solution File, Format Version 12.00
# Visual Studio Version 17
VisualStudioVersion = 17.0.31903.59
MinimumVisualStudioVersion = 10.0.40219.1
Project("{FAE04EC0-301F-11D3-BF4B-00C04F79EFBC}") = "DocumentExtractor.Core", "DocumentExtractor.Core\DocumentExtractor.Core.csproj", "{2164A706-0EBE-4366-B267-1DAA179A5033}"
EndProject
Project("{FAE04EC0-301F-11D3-BF4B-00C04F79EFBC}") = "DocumentExtractor.Data", "DocumentExtractor.Data\DocumentExtractor.Data.csproj", "{0CE57FBA-854F-4E38-8318-C57C9809DD06}"
EndProject
Project("{FAE04EC0-301F-11D3-BF4B-00C04F79EFBC}") = "DocumentExtractor.Services", "DocumentExtractor.Services\DocumentExtractor.Services.csproj", "{FDB501B1-991D-4588-99D2-2F4F14BA66BA}"
EndProject
Project("{FAE04EC0-301F-11D3-BF4B-00C04F79EFBC}") = "DocumentExtractor.Console", "DocumentExtractor.Console\DocumentExtractor.Console.csproj", "{6ED5EE20-255E-4882-8F69-633F68EE6C6C}"
EndProject
Project("{FAE04EC0-301F-11D3-BF4B-00C04F79EFBC}") = "DocumentExtractor.Web", "DocumentExtractor.Web\DocumentExtractor.Web.csproj", "{D5D8881F-9606-49BA-8C4D-81A034802F41}"
EndProject
Project("{FAE04EC0-301F-11D3-BF4B-00C04F79EFBC}") = "DocumentExtractor.Desktop", "DocumentExtractor.Desktop\DocumentExtractor.Desktop.csproj", "{4D1BE7C1-4C1F-400B-9EF6-A50392855D4A}"
EndProject
Global
	GlobalSection(SolutionConfigurationPlatforms) = preSolution
		Debug|Any CPU = Debug|Any CPU
		Release|Any CPU = Release|Any CPU
	EndGlobalSection
	GlobalSection(SolutionProperties) = preSolution
		HideSolutionNode = FALSE
	EndGlobalSection
	GlobalSection(ProjectConfigurationPlatforms) = postSolution
		{2164A706-0EBE-4366-B267-1DAA179A5033}.Debug|Any CPU.ActiveCfg = Debug|Any CPU
		{2164A706-0EBE-4366-B267-1DAA179A5033}.Debug|Any CPU.Build.0 = Debug|Any CPU
		{2164A706-0EBE-4366-B267-1DAA179A5033}.Release|Any CPU.ActiveCfg = Release|Any CPU
		{2164A706-0EBE-4366-B267-1DAA179A5033}.Release|Any CPU.Build.0 = Release|Any CPU
		{0CE57FBA-854F-4E38-8318-C57C9809DD06}.Debug|Any CPU.ActiveCfg = Debug|Any CPU
		{0CE57FBA-854F-4E38-8318-C57C9809DD06}.Debug|Any CPU.Build.0 = Debug|Any CPU
		{0CE57FBA-854F-4E38-8318-C57C9809DD06}.Release|Any CPU.ActiveCfg = Release|Any CPU
		{0CE57FBA-854F-4E38-8318-C57C9809DD06}.Release|Any CPU.Build.0 = Release|Any CPU
		{FDB501B1-991D-4588-99D2-2F4F14BA66BA}.Debug|Any CPU.ActiveCfg = Debug|Any CPU
		{FDB501B1-991D-4588-99D2-2F4F14BA66BA}.Debug|Any CPU.Build.0 = Debug|Any CPU
		{FDB501B1-991D-4588-99D2-2F4F14BA66BA}.Release|Any CPU.ActiveCfg = Release|Any CPU
		{FDB501B1-991D-4588-99D2-2F4F14BA66BA}.Release|Any CPU.Build.0 = Release|Any CPU
		{6ED5EE20-255E-4882-8F69-633F68EE6C6C}.Debug|Any CPU.ActiveCfg = Debug|Any CPU
		{6ED5EE20-255E-4882-8F69-633F68EE6C6C}.Debug|Any CPU.Build.0 = Debug|Any CPU
		{6ED5EE20-255E-4882-8F69-633F68EE6C6C}.Release|Any CPU.ActiveCfg = Release|Any CPU
		{6ED5EE20-255E-4882-8F69-633F68EE6C6C}.Release|Any CPU.Build.0 = Release|Any CPU
		{D5D8881F-9606-49BA-8C4D-81A034802F41}.Debug|Any CPU.ActiveCfg = Debug|Any CPU
		{D5D8881F-9606-49BA-8C4D-81A034802F41}.Debug|Any CPU.Build.0 = Debug|Any CPU
		{D5D8881F-9606-49BA-8C4D-81A034802F41}.Release|Any CPU.ActiveCfg = Release|Any CPU
		{D5D8881F-9606-49BA-8C4D-81A034802F41}.Release|Any CPU.Build.0 = Release|Any CPU
		{4D1BE7C1-4C1F-400B-9EF6-A50392855D4A}.Debug|Any CPU.ActiveCfg = Debug|Any CPU
		{4D1BE7C1-4C1F-400B-9EF6-A50392855D4A}.Debug|Any CPU.Build.0 = Debug|Any CPU
		{4D1BE7C1-4C1F-400B-9EF6-A50392855D4A}.Release|Any CPU.ActiveCfg = Release|Any CPU
		{4D1BE7C1-4C1F-400B-9EF6-A50392855D4A}.Release|Any CPU.Build.0 = Release|Any CPU
	EndGlobalSection
EndGlobal
